PODS:
  - HexColors (2.2.1)
  - LBBlurredImage (0.1.0)
  - Mantle (1.3.1):
    - Mantle/extobjc
  - Mantle/extobjc (1.3.1)
  - ReactiveCocoa (2.1.6):
    - ReactiveCocoa/Core
    - ReactiveCocoa/no-arc
  - ReactiveCocoa/Core (2.1.6):
    - ReactiveCocoa/no-arc
  - ReactiveCocoa/no-arc (2.1.6)
  - TSMessages (0.9.4):
    - HexColors

DEPENDENCIES:
  - LBBlurredImage
  - Mantle
  - ReactiveCocoa
  - TSMessages

SPEC CHECKSUMS:
  HexColors: abfd172e329dab59888614ccba6f216cec59289d
  LBBlurredImage: 08a54f267e33451c5289076667e4d0c0102d7d07
  Mantle: a516570b84c3cefb34b02647a6588a087dddc490
  ReactiveCocoa: 8e05fc231bce82d24f310957a85ee74df16a1653
  TSMessages: 0f269471f1c0518d19e42e3639d7be8a86b9f5b0

COCOAPODS: 0.34.4
